// !$*UTF8*$!
{
	archiveVersion = 1;
	classes = {
	};
	objectVersion = 50;
	objects = {

/* Begin PBXBuildFile section */
		C271E945249217800016EF3F /* Request.swift in Sources */ = {isa = PBXBuildFile; fileRef = C271E944249217800016EF3F /* Request.swift */; };
		C271E948249221200016EF3F /* Endpoints.swift in Sources */ = {isa = PBXBuildFile; fileRef = C271E947249221200016EF3F /* Endpoints.swift */; };
		C271E94C2492234E0016EF3F /* Secret.swift in Sources */ = {isa = PBXBuildFile; fileRef = C271E94B2492234E0016EF3F /* Secret.swift */; };
		C271E951249228390016EF3F /* GitHubAuthRequest.swift in Sources */ = {isa = PBXBuildFile; fileRef = C271E950249228390016EF3F /* GitHubAuthRequest.swift */; };
		C271E95324923C000016EF3F /* AuthenticationDispatcher.swift in Sources */ = {isa = PBXBuildFile; fileRef = C271E95224923C000016EF3F /* AuthenticationDispatcher.swift */; };
		C271E95524923CED0016EF3F /* GitHubAuthSession.swift in Sources */ = {isa = PBXBuildFile; fileRef = C271E95424923CED0016EF3F /* GitHubAuthSession.swift */; };
		C271E957249240E40016EF3F /* GitHubAuthKeys.swift in Sources */ = {isa = PBXBuildFile; fileRef = C271E956249240E40016EF3F /* GitHubAuthKeys.swift */; };
		C271E95B24924BC30016EF3F /* NetworkTask.swift in Sources */ = {isa = PBXBuildFile; fileRef = C271E95A24924BC30016EF3F /* NetworkTask.swift */; };
		C271E95D24924CE80016EF3F /* GitHubAuthTask.swift in Sources */ = {isa = PBXBuildFile; fileRef = C271E95C24924CE80016EF3F /* GitHubAuthTask.swift */; };
		C271E95F249260280016EF3F /* GitHubAuthUseCase.swift in Sources */ = {isa = PBXBuildFile; fileRef = C271E95E249260280016EF3F /* GitHubAuthUseCase.swift */; };
		C2DD4E4D248F9C3E0039BB74 /* AppDelegate.swift in Sources */ = {isa = PBXBuildFile; fileRef = C2DD4E4C248F9C3E0039BB74 /* AppDelegate.swift */; };
		C2DD4E4F248F9C3E0039BB74 /* SceneDelegate.swift in Sources */ = {isa = PBXBuildFile; fileRef = C2DD4E4E248F9C3E0039BB74 /* SceneDelegate.swift */; };
		C2DD4E51248F9C3E0039BB74 /* SignInViewController.swift in Sources */ = {isa = PBXBuildFile; fileRef = C2DD4E50248F9C3E0039BB74 /* SignInViewController.swift */; };
		C2DD4E54248F9C3E0039BB74 /* Main.storyboard in Resources */ = {isa = PBXBuildFile; fileRef = C2DD4E52248F9C3E0039BB74 /* Main.storyboard */; };
		C2DD4E56248F9C420039BB74 /* Assets.xcassets in Resources */ = {isa = PBXBuildFile; fileRef = C2DD4E55248F9C420039BB74 /* Assets.xcassets */; };
		C2DD4E59248F9C420039BB74 /* LaunchScreen.storyboard in Resources */ = {isa = PBXBuildFile; fileRef = C2DD4E57248F9C420039BB74 /* LaunchScreen.storyboard */; };
		C2DD4E64248F9C420039BB74 /* GitHubAuthTaskTests.swift in Sources */ = {isa = PBXBuildFile; fileRef = C2DD4E63248F9C420039BB74 /* GitHubAuthTaskTests.swift */; };
		C2DD4E72248FF3F60039BB74 /* CornerRoundedButton.swift in Sources */ = {isa = PBXBuildFile; fileRef = C2DD4E71248FF3F60039BB74 /* CornerRoundedButton.swift */; };
/* End PBXBuildFile section */

/* Begin PBXContainerItemProxy section */
		C2DD4E60248F9C420039BB74 /* PBXContainerItemProxy */ = {
			isa = PBXContainerItemProxy;
			containerPortal = C2DD4E41248F9C3E0039BB74 /* Project object */;
			proxyType = 1;
			remoteGlobalIDString = C2DD4E48248F9C3E0039BB74;
			remoteInfo = IssueTracker;
		};
/* End PBXContainerItemProxy section */

/* Begin PBXFileReference section */
		C271E944249217800016EF3F /* Request.swift */ = {isa = PBXFileReference; lastKnownFileType = sourcecode.swift; path = Request.swift; sourceTree = "<group>"; };
		C271E947249221200016EF3F /* Endpoints.swift */ = {isa = PBXFileReference; lastKnownFileType = sourcecode.swift; path = Endpoints.swift; sourceTree = "<group>"; };
		C271E94B2492234E0016EF3F /* Secret.swift */ = {isa = PBXFileReference; lastKnownFileType = sourcecode.swift; path = Secret.swift; sourceTree = "<group>"; };
		C271E950249228390016EF3F /* GitHubAuthRequest.swift */ = {isa = PBXFileReference; lastKnownFileType = sourcecode.swift; path = GitHubAuthRequest.swift; sourceTree = "<group>"; };
		C271E95224923C000016EF3F /* AuthenticationDispatcher.swift */ = {isa = PBXFileReference; lastKnownFileType = sourcecode.swift; path = AuthenticationDispatcher.swift; sourceTree = "<group>"; };
		C271E95424923CED0016EF3F /* GitHubAuthSession.swift */ = {isa = PBXFileReference; lastKnownFileType = sourcecode.swift; path = GitHubAuthSession.swift; sourceTree = "<group>"; };
		C271E956249240E40016EF3F /* GitHubAuthKeys.swift */ = {isa = PBXFileReference; fileEncoding = 4; lastKnownFileType = sourcecode.swift; path = GitHubAuthKeys.swift; sourceTree = "<group>"; };
		C271E95A24924BC30016EF3F /* NetworkTask.swift */ = {isa = PBXFileReference; lastKnownFileType = sourcecode.swift; path = NetworkTask.swift; sourceTree = "<group>"; };
		C271E95C24924CE80016EF3F /* GitHubAuthTask.swift */ = {isa = PBXFileReference; lastKnownFileType = sourcecode.swift; path = GitHubAuthTask.swift; sourceTree = "<group>"; };
		C271E95E249260280016EF3F /* GitHubAuthUseCase.swift */ = {isa = PBXFileReference; lastKnownFileType = sourcecode.swift; path = GitHubAuthUseCase.swift; sourceTree = "<group>"; };
		C2DD4E49248F9C3E0039BB74 /* IssueTracker.app */ = {isa = PBXFileReference; explicitFileType = wrapper.application; includeInIndex = 0; path = IssueTracker.app; sourceTree = BUILT_PRODUCTS_DIR; };
		C2DD4E4C248F9C3E0039BB74 /* AppDelegate.swift */ = {isa = PBXFileReference; lastKnownFileType = sourcecode.swift; path = AppDelegate.swift; sourceTree = "<group>"; };
		C2DD4E4E248F9C3E0039BB74 /* SceneDelegate.swift */ = {isa = PBXFileReference; lastKnownFileType = sourcecode.swift; path = SceneDelegate.swift; sourceTree = "<group>"; };
		C2DD4E50248F9C3E0039BB74 /* SignInViewController.swift */ = {isa = PBXFileReference; lastKnownFileType = sourcecode.swift; path = SignInViewController.swift; sourceTree = "<group>"; };
		C2DD4E53248F9C3E0039BB74 /* Base */ = {isa = PBXFileReference; lastKnownFileType = file.storyboard; name = Base; path = Base.lproj/Main.storyboard; sourceTree = "<group>"; };
		C2DD4E55248F9C420039BB74 /* Assets.xcassets */ = {isa = PBXFileReference; lastKnownFileType = folder.assetcatalog; path = Assets.xcassets; sourceTree = "<group>"; };
		C2DD4E58248F9C420039BB74 /* Base */ = {isa = PBXFileReference; lastKnownFileType = file.storyboard; name = Base; path = Base.lproj/LaunchScreen.storyboard; sourceTree = "<group>"; };
		C2DD4E5A248F9C420039BB74 /* Info.plist */ = {isa = PBXFileReference; lastKnownFileType = text.plist.xml; path = Info.plist; sourceTree = "<group>"; };
		C2DD4E5F248F9C420039BB74 /* IssueTrackerTests.xctest */ = {isa = PBXFileReference; explicitFileType = wrapper.cfbundle; includeInIndex = 0; path = IssueTrackerTests.xctest; sourceTree = BUILT_PRODUCTS_DIR; };
		C2DD4E63248F9C420039BB74 /* GitHubAuthTaskTests.swift */ = {isa = PBXFileReference; lastKnownFileType = sourcecode.swift; path = GitHubAuthTaskTests.swift; sourceTree = "<group>"; };
		C2DD4E65248F9C420039BB74 /* Info.plist */ = {isa = PBXFileReference; lastKnownFileType = text.plist.xml; path = Info.plist; sourceTree = "<group>"; };
		C2DD4E71248FF3F60039BB74 /* CornerRoundedButton.swift */ = {isa = PBXFileReference; lastKnownFileType = sourcecode.swift; path = CornerRoundedButton.swift; sourceTree = "<group>"; };
/* End PBXFileReference section */

/* Begin PBXFrameworksBuildPhase section */
		C2DD4E46248F9C3E0039BB74 /* Frameworks */ = {
			isa = PBXFrameworksBuildPhase;
			buildActionMask = 2147483647;
			files = (
			);
			runOnlyForDeploymentPostprocessing = 0;
		};
		C2DD4E5C248F9C420039BB74 /* Frameworks */ = {
			isa = PBXFrameworksBuildPhase;
			buildActionMask = 2147483647;
			files = (
			);
			runOnlyForDeploymentPostprocessing = 0;
		};
/* End PBXFrameworksBuildPhase section */

/* Begin PBXGroup section */
		C271E941249216680016EF3F /* Networking */ = {
			isa = PBXGroup;
			children = (
				C271E94A2492224E0016EF3F /* Secret */,
				C271E94F249227A30016EF3F /* GitHubAuthentication */,
				C271E947249221200016EF3F /* Endpoints.swift */,
				C271E944249217800016EF3F /* Request.swift */,
				C271E95224923C000016EF3F /* AuthenticationDispatcher.swift */,
				C271E95A24924BC30016EF3F /* NetworkTask.swift */,
			);
			path = Networking;
			sourceTree = "<group>";
		};
		C271E94A2492224E0016EF3F /* Secret */ = {
			isa = PBXGroup;
			children = (
				C271E94B2492234E0016EF3F /* Secret.swift */,
			);
			path = Secret;
			sourceTree = "<group>";
		};
		C271E94F249227A30016EF3F /* GitHubAuthentication */ = {
			isa = PBXGroup;
			children = (
				C271E956249240E40016EF3F /* GitHubAuthKeys.swift */,
				C271E950249228390016EF3F /* GitHubAuthRequest.swift */,
				C271E95424923CED0016EF3F /* GitHubAuthSession.swift */,
				C271E95C24924CE80016EF3F /* GitHubAuthTask.swift */,
				C271E95E249260280016EF3F /* GitHubAuthUseCase.swift */,
			);
			path = GitHubAuthentication;
			sourceTree = "<group>";
		};
		C2DD4E40248F9C3E0039BB74 = {
			isa = PBXGroup;
			children = (
				C2DD4E4B248F9C3E0039BB74 /* IssueTracker */,
				C2DD4E62248F9C420039BB74 /* IssueTrackerTests */,
				C2DD4E4A248F9C3E0039BB74 /* Products */,
			);
			sourceTree = "<group>";
		};
		C2DD4E4A248F9C3E0039BB74 /* Products */ = {
			isa = PBXGroup;
			children = (
				C2DD4E49248F9C3E0039BB74 /* IssueTracker.app */,
				C2DD4E5F248F9C420039BB74 /* IssueTrackerTests.xctest */,
			);
			name = Products;
			sourceTree = "<group>";
		};
		C2DD4E4B248F9C3E0039BB74 /* IssueTracker */ = {
			isa = PBXGroup;
			children = (
				C2DD4E6E248FBB610039BB74 /* Views */,
				C2DD4E70248FBB6E0039BB74 /* Controllers */,
				C271E941249216680016EF3F /* Networking */,
				C2DD4E4C248F9C3E0039BB74 /* AppDelegate.swift */,
				C2DD4E4E248F9C3E0039BB74 /* SceneDelegate.swift */,
				C2DD4E55248F9C420039BB74 /* Assets.xcassets */,
				C2DD4E52248F9C3E0039BB74 /* Main.storyboard */,
				C2DD4E57248F9C420039BB74 /* LaunchScreen.storyboard */,
				C2DD4E5A248F9C420039BB74 /* Info.plist */,
			);
			path = IssueTracker;
			sourceTree = "<group>";
		};
		C2DD4E62248F9C420039BB74 /* IssueTrackerTests */ = {
			isa = PBXGroup;
			children = (
				C2DD4E63248F9C420039BB74 /* GitHubAuthTaskTests.swift */,
				C2DD4E65248F9C420039BB74 /* Info.plist */,
			);
			path = IssueTrackerTests;
			sourceTree = "<group>";
		};
		C2DD4E6E248FBB610039BB74 /* Views */ = {
			isa = PBXGroup;
			children = (
				C2DD4E71248FF3F60039BB74 /* CornerRoundedButton.swift */,
			);
			path = Views;
			sourceTree = "<group>";
		};
		C2DD4E70248FBB6E0039BB74 /* Controllers */ = {
			isa = PBXGroup;
			children = (
				C2DD4E50248F9C3E0039BB74 /* SignInViewController.swift */,
			);
			path = Controllers;
			sourceTree = "<group>";
		};
/* End PBXGroup section */

/* Begin PBXNativeTarget section */
		C2DD4E48248F9C3E0039BB74 /* IssueTracker */ = {
			isa = PBXNativeTarget;
			buildConfigurationList = C2DD4E68248F9C420039BB74 /* Build configuration list for PBXNativeTarget "IssueTracker" */;
			buildPhases = (
				C2DD4E45248F9C3E0039BB74 /* Sources */,
				C2DD4E46248F9C3E0039BB74 /* Frameworks */,
				C2DD4E47248F9C3E0039BB74 /* Resources */,
			);
			buildRules = (
			);
			dependencies = (
			);
			name = IssueTracker;
			productName = IssueTracker;
			productReference = C2DD4E49248F9C3E0039BB74 /* IssueTracker.app */;
			productType = "com.apple.product-type.application";
		};
		C2DD4E5E248F9C420039BB74 /* IssueTrackerTests */ = {
			isa = PBXNativeTarget;
			buildConfigurationList = C2DD4E6B248F9C420039BB74 /* Build configuration list for PBXNativeTarget "IssueTrackerTests" */;
			buildPhases = (
				C2DD4E5B248F9C420039BB74 /* Sources */,
				C2DD4E5C248F9C420039BB74 /* Frameworks */,
				C2DD4E5D248F9C420039BB74 /* Resources */,
			);
			buildRules = (
			);
			dependencies = (
				C2DD4E61248F9C420039BB74 /* PBXTargetDependency */,
			);
			name = IssueTrackerTests;
			productName = IssueTrackerTests;
			productReference = C2DD4E5F248F9C420039BB74 /* IssueTrackerTests.xctest */;
			productType = "com.apple.product-type.bundle.unit-test";
		};
/* End PBXNativeTarget section */

/* Begin PBXProject section */
		C2DD4E41248F9C3E0039BB74 /* Project object */ = {
			isa = PBXProject;
			attributes = {
				LastSwiftUpdateCheck = 1140;
				LastUpgradeCheck = 1140;
				ORGANIZATIONNAME = "Chaewan Park";
				TargetAttributes = {
					C2DD4E48248F9C3E0039BB74 = {
						CreatedOnToolsVersion = 11.4.1;
					};
					C2DD4E5E248F9C420039BB74 = {
						CreatedOnToolsVersion = 11.4.1;
						TestTargetID = C2DD4E48248F9C3E0039BB74;
					};
				};
			};
			buildConfigurationList = C2DD4E44248F9C3E0039BB74 /* Build configuration list for PBXProject "IssueTracker" */;
			compatibilityVersion = "Xcode 9.3";
			developmentRegion = en;
			hasScannedForEncodings = 0;
			knownRegions = (
				en,
				Base,
			);
			mainGroup = C2DD4E40248F9C3E0039BB74;
			productRefGroup = C2DD4E4A248F9C3E0039BB74 /* Products */;
			projectDirPath = "";
			projectRoot = "";
			targets = (
				C2DD4E48248F9C3E0039BB74 /* IssueTracker */,
				C2DD4E5E248F9C420039BB74 /* IssueTrackerTests */,
			);
		};
/* End PBXProject section */

/* Begin PBXResourcesBuildPhase section */
		C2DD4E47248F9C3E0039BB74 /* Resources */ = {
			isa = PBXResourcesBuildPhase;
			buildActionMask = 2147483647;
			files = (
				C2DD4E59248F9C420039BB74 /* LaunchScreen.storyboard in Resources */,
				C2DD4E56248F9C420039BB74 /* Assets.xcassets in Resources */,
				C2DD4E54248F9C3E0039BB74 /* Main.storyboard in Resources */,
			);
			runOnlyForDeploymentPostprocessing = 0;
		};
		C2DD4E5D248F9C420039BB74 /* Resources */ = {
			isa = PBXResourcesBuildPhase;
			buildActionMask = 2147483647;
			files = (
			);
			runOnlyForDeploymentPostprocessing = 0;
		};
/* End PBXResourcesBuildPhase section */

/* Begin PBXSourcesBuildPhase section */
		C2DD4E45248F9C3E0039BB74 /* Sources */ = {
			isa = PBXSourcesBuildPhase;
			buildActionMask = 2147483647;
			files = (
				C271E95F249260280016EF3F /* GitHubAuthUseCase.swift in Sources */,
				C2DD4E51248F9C3E0039BB74 /* SignInViewController.swift in Sources */,
				C271E95B24924BC30016EF3F /* NetworkTask.swift in Sources */,
				C271E94C2492234E0016EF3F /* Secret.swift in Sources */,
				C271E945249217800016EF3F /* Request.swift in Sources */,
				C271E95324923C000016EF3F /* AuthenticationDispatcher.swift in Sources */,
				C271E951249228390016EF3F /* GitHubAuthRequest.swift in Sources */,
				C2DD4E4D248F9C3E0039BB74 /* AppDelegate.swift in Sources */,
				C2DD4E72248FF3F60039BB74 /* CornerRoundedButton.swift in Sources */,
				C271E957249240E40016EF3F /* GitHubAuthKeys.swift in Sources */,
				C271E948249221200016EF3F /* Endpoints.swift in Sources */,
				C2DD4E4F248F9C3E0039BB74 /* SceneDelegate.swift in Sources */,
				C271E95524923CED0016EF3F /* GitHubAuthSession.swift in Sources */,
				C271E95D24924CE80016EF3F /* GitHubAuthTask.swift in Sources */,
			);
			runOnlyForDeploymentPostprocessing = 0;
		};
		C2DD4E5B248F9C420039BB74 /* Sources */ = {
			isa = PBXSourcesBuildPhase;
			buildActionMask = 2147483647;
			files = (
				C2DD4E64248F9C420039BB74 /* GitHubAuthTaskTests.swift in Sources */,
			);
			runOnlyForDeploymentPostprocessing = 0;
		};
/* End PBXSourcesBuildPhase section */

/* Begin PBXTargetDependency section */
		C2DD4E61248F9C420039BB74 /* PBXTargetDependency */ = {
			isa = PBXTargetDependency;
			target = C2DD4E48248F9C3E0039BB74 /* IssueTracker */;
			targetProxy = C2DD4E60248F9C420039BB74 /* PBXContainerItemProxy */;
		};
/* End PBXTargetDependency section */

/* Begin PBXVariantGroup section */
		C2DD4E52248F9C3E0039BB74 /* Main.storyboard */ = {
			isa = PBXVariantGroup;
			children = (
				C2DD4E53248F9C3E0039BB74 /* Base */,
			);
			name = Main.storyboard;
			sourceTree = "<group>";
		};
		C2DD4E57248F9C420039BB74 /* LaunchScreen.storyboard */ = {
			isa = PBXVariantGroup;
			children = (
				C2DD4E58248F9C420039BB74 /* Base */,
			);
			name = LaunchScreen.storyboard;
			sourceTree = "<group>";
		};
/* End PBXVariantGroup section */

/* Begin XCBuildConfiguration section */
		C2DD4E66248F9C420039BB74 /* Debug */ = {
			isa = XCBuildConfiguration;
			buildSettings = {
				ALWAYS_SEARCH_USER_PATHS = NO;
				CLANG_ANALYZER_NONNULL = YES;
				CLANG_ANALYZER_NUMBER_OBJECT_CONVERSION = YES_AGGRESSIVE;
				CLANG_CXX_LANGUAGE_STANDARD = "gnu++14";
				CLANG_CXX_LIBRARY = "libc++";
				CLANG_ENABLE_MODULES = YES;
				CLANG_ENABLE_OBJC_ARC = YES;
				CLANG_ENABLE_OBJC_WEAK = YES;
				CLANG_WARN_BLOCK_CAPTURE_AUTORELEASING = YES;
				CLANG_WARN_BOOL_CONVERSION = YES;
				CLANG_WARN_COMMA = YES;
				CLANG_WARN_CONSTANT_CONVERSION = YES;
				CLANG_WARN_DEPRECATED_OBJC_IMPLEMENTATIONS = YES;
				CLANG_WARN_DIRECT_OBJC_ISA_USAGE = YES_ERROR;
				CLANG_WARN_DOCUMENTATION_COMMENTS = YES;
				CLANG_WARN_EMPTY_BODY = YES;
				CLANG_WARN_ENUM_CONVERSION = YES;
				CLANG_WARN_INFINITE_RECURSION = YES;
				CLANG_WARN_INT_CONVERSION = YES;
				CLANG_WARN_NON_LITERAL_NULL_CONVERSION = YES;
				CLANG_WARN_OBJC_IMPLICIT_RETAIN_SELF = YES;
				CLANG_WARN_OBJC_LITERAL_CONVERSION = YES;
				CLANG_WARN_OBJC_ROOT_CLASS = YES_ERROR;
				CLANG_WARN_RANGE_LOOP_ANALYSIS = YES;
				CLANG_WARN_STRICT_PROTOTYPES = YES;
				CLANG_WARN_SUSPICIOUS_MOVE = YES;
				CLANG_WARN_UNGUARDED_AVAILABILITY = YES_AGGRESSIVE;
				CLANG_WARN_UNREACHABLE_CODE = YES;
				CLANG_WARN__DUPLICATE_METHOD_MATCH = YES;
				COPY_PHASE_STRIP = NO;
				DEBUG_INFORMATION_FORMAT = dwarf;
				ENABLE_STRICT_OBJC_MSGSEND = YES;
				ENABLE_TESTABILITY = YES;
				GCC_C_LANGUAGE_STANDARD = gnu11;
				GCC_DYNAMIC_NO_PIC = NO;
				GCC_NO_COMMON_BLOCKS = YES;
				GCC_OPTIMIZATION_LEVEL = 0;
				GCC_PREPROCESSOR_DEFINITIONS = (
					"DEBUG=1",
					"$(inherited)",
				);
				GCC_WARN_64_TO_32_BIT_CONVERSION = YES;
				GCC_WARN_ABOUT_RETURN_TYPE = YES_ERROR;
				GCC_WARN_UNDECLARED_SELECTOR = YES;
				GCC_WARN_UNINITIALIZED_AUTOS = YES_AGGRESSIVE;
				GCC_WARN_UNUSED_FUNCTION = YES;
				GCC_WARN_UNUSED_VARIABLE = YES;
				IPHONEOS_DEPLOYMENT_TARGET = 13.4;
				MTL_ENABLE_DEBUG_INFO = INCLUDE_SOURCE;
				MTL_FAST_MATH = YES;
				ONLY_ACTIVE_ARCH = YES;
				SDKROOT = iphoneos;
				SWIFT_ACTIVE_COMPILATION_CONDITIONS = DEBUG;
				SWIFT_OPTIMIZATION_LEVEL = "-Onone";
			};
			name = Debug;
		};
		C2DD4E67248F9C420039BB74 /* Release */ = {
			isa = XCBuildConfiguration;
			buildSettings = {
				ALWAYS_SEARCH_USER_PATHS = NO;
				CLANG_ANALYZER_NONNULL = YES;
				CLANG_ANALYZER_NUMBER_OBJECT_CONVERSION = YES_AGGRESSIVE;
				CLANG_CXX_LANGUAGE_STANDARD = "gnu++14";
				CLANG_CXX_LIBRARY = "libc++";
				CLANG_ENABLE_MODULES = YES;
				CLANG_ENABLE_OBJC_ARC = YES;
				CLANG_ENABLE_OBJC_WEAK = YES;
				CLANG_WARN_BLOCK_CAPTURE_AUTORELEASING = YES;
				CLANG_WARN_BOOL_CONVERSION = YES;
				CLANG_WARN_COMMA = YES;
				CLANG_WARN_CONSTANT_CONVERSION = YES;
				CLANG_WARN_DEPRECATED_OBJC_IMPLEMENTATIONS = YES;
				CLANG_WARN_DIRECT_OBJC_ISA_USAGE = YES_ERROR;
				CLANG_WARN_DOCUMENTATION_COMMENTS = YES;
				CLANG_WARN_EMPTY_BODY = YES;
				CLANG_WARN_ENUM_CONVERSION = YES;
				CLANG_WARN_INFINITE_RECURSION = YES;
				CLANG_WARN_INT_CONVERSION = YES;
				CLANG_WARN_NON_LITERAL_NULL_CONVERSION = YES;
				CLANG_WARN_OBJC_IMPLICIT_RETAIN_SELF = YES;
				CLANG_WARN_OBJC_LITERAL_CONVERSION = YES;
				CLANG_WARN_OBJC_ROOT_CLASS = YES_ERROR;
				CLANG_WARN_RANGE_LOOP_ANALYSIS = YES;
				CLANG_WARN_STRICT_PROTOTYPES = YES;
				CLANG_WARN_SUSPICIOUS_MOVE = YES;
				CLANG_WARN_UNGUARDED_AVAILABILITY = YES_AGGRESSIVE;
				CLANG_WARN_UNREACHABLE_CODE = YES;
				CLANG_WARN__DUPLICATE_METHOD_MATCH = YES;
				COPY_PHASE_STRIP = NO;
				DEBUG_INFORMATION_FORMAT = "dwarf-with-dsym";
				ENABLE_NS_ASSERTIONS = NO;
				ENABLE_STRICT_OBJC_MSGSEND = YES;
				GCC_C_LANGUAGE_STANDARD = gnu11;
				GCC_NO_COMMON_BLOCKS = YES;
				GCC_WARN_64_TO_32_BIT_CONVERSION = YES;
				GCC_WARN_ABOUT_RETURN_TYPE = YES_ERROR;
				GCC_WARN_UNDECLARED_SELECTOR = YES;
				GCC_WARN_UNINITIALIZED_AUTOS = YES_AGGRESSIVE;
				GCC_WARN_UNUSED_FUNCTION = YES;
				GCC_WARN_UNUSED_VARIABLE = YES;
				IPHONEOS_DEPLOYMENT_TARGET = 13.4;
				MTL_ENABLE_DEBUG_INFO = NO;
				MTL_FAST_MATH = YES;
				SDKROOT = iphoneos;
				SWIFT_COMPILATION_MODE = wholemodule;
				SWIFT_OPTIMIZATION_LEVEL = "-O";
				VALIDATE_PRODUCT = YES;
			};
			name = Release;
		};
		C2DD4E69248F9C420039BB74 /* Debug */ = {
			isa = XCBuildConfiguration;
			buildSettings = {
				ASSETCATALOG_COMPILER_APPICON_NAME = AppIcon;
				CODE_SIGN_STYLE = Automatic;
				DEVELOPMENT_TEAM = 7R8M75S4BH;
				INFOPLIST_FILE = IssueTracker/Info.plist;
				LD_RUNPATH_SEARCH_PATHS = (
					"$(inherited)",
					"@executable_path/Frameworks",
				);
				PRODUCT_BUNDLE_IDENTIFIER = com.seizze.IssueTracker;
				PRODUCT_NAME = "$(TARGET_NAME)";
				SWIFT_VERSION = 5.0;
				TARGETED_DEVICE_FAMILY = "1,2";
			};
			name = Debug;
		};
		C2DD4E6A248F9C420039BB74 /* Release */ = {
			isa = XCBuildConfiguration;
			buildSettings = {
				ASSETCATALOG_COMPILER_APPICON_NAME = AppIcon;
				CODE_SIGN_STYLE = Automatic;
				DEVELOPMENT_TEAM = 7R8M75S4BH;
				INFOPLIST_FILE = IssueTracker/Info.plist;
				LD_RUNPATH_SEARCH_PATHS = (
					"$(inherited)",
					"@executable_path/Frameworks",
				);
				PRODUCT_BUNDLE_IDENTIFIER = com.seizze.IssueTracker;
				PRODUCT_NAME = "$(TARGET_NAME)";
				SWIFT_VERSION = 5.0;
				TARGETED_DEVICE_FAMILY = "1,2";
			};
			name = Release;
		};
		C2DD4E6C248F9C420039BB74 /* Debug */ = {
			isa = XCBuildConfiguration;
			buildSettings = {
				ALWAYS_EMBED_SWIFT_STANDARD_LIBRARIES = YES;
				BUNDLE_LOADER = "$(TEST_HOST)";
				CODE_SIGN_STYLE = Automatic;
				DEVELOPMENT_TEAM = 7R8M75S4BH;
				INFOPLIST_FILE = IssueTrackerTests/Info.plist;
				IPHONEOS_DEPLOYMENT_TARGET = 13.4;
				LD_RUNPATH_SEARCH_PATHS = (
					"$(inherited)",
					"@executable_path/Frameworks",
					"@loader_path/Frameworks",
				);
				PRODUCT_BUNDLE_IDENTIFIER = com.seizze.IssueTrackerTests;
				PRODUCT_NAME = "$(TARGET_NAME)";
				SWIFT_VERSION = 5.0;
				TARGETED_DEVICE_FAMILY = "1,2";
				TEST_HOST = "$(BUILT_PRODUCTS_DIR)/IssueTracker.app/IssueTracker";
			};
			name = Debug;
		};
		C2DD4E6D248F9C420039BB74 /* Release */ = {
			isa = XCBuildConfiguration;
			buildSettings = {
				ALWAYS_EMBED_SWIFT_STANDARD_LIBRARIES = YES;
				BUNDLE_LOADER = "$(TEST_HOST)";
				CODE_SIGN_STYLE = Automatic;
				DEVELOPMENT_TEAM = 7R8M75S4BH;
				INFOPLIST_FILE = IssueTrackerTests/Info.plist;
				IPHONEOS_DEPLOYMENT_TARGET = 13.4;
				LD_RUNPATH_SEARCH_PATHS = (
					"$(inherited)",
					"@executable_path/Frameworks",
					"@loader_path/Frameworks",
				);
				PRODUCT_BUNDLE_IDENTIFIER = com.seizze.IssueTrackerTests;
				PRODUCT_NAME = "$(TARGET_NAME)";
				SWIFT_VERSION = 5.0;
				TARGETED_DEVICE_FAMILY = "1,2";
				TEST_HOST = "$(BUILT_PRODUCTS_DIR)/IssueTracker.app/IssueTracker";
			};
			name = Release;
		};
/* End XCBuildConfiguration section */

/* Begin XCConfigurationList section */
		C2DD4E44248F9C3E0039BB74 /* Build configuration list for PBXProject "IssueTracker" */ = {
			isa = XCConfigurationList;
			buildConfigurations = (
				C2DD4E66248F9C420039BB74 /* Debug */,
				C2DD4E67248F9C420039BB74 /* Release */,
			);
			defaultConfigurationIsVisible = 0;
			defaultConfigurationName = Release;
		};
		C2DD4E68248F9C420039BB74 /* Build configuration list for PBXNativeTarget "IssueTracker" */ = {
			isa = XCConfigurationList;
			buildConfigurations = (
				C2DD4E69248F9C420039BB74 /* Debug */,
				C2DD4E6A248F9C420039BB74 /* Release */,
			);
			defaultConfigurationIsVisible = 0;
			defaultConfigurationName = Release;
		};
		C2DD4E6B248F9C420039BB74 /* Build configuration list for PBXNativeTarget "IssueTrackerTests" */ = {
			isa = XCConfigurationList;
			buildConfigurations = (
				C2DD4E6C248F9C420039BB74 /* Debug */,
				C2DD4E6D248F9C420039BB74 /* Release */,
			);
			defaultConfigurationIsVisible = 0;
			defaultConfigurationName = Release;
		};
/* End XCConfigurationList section */
	};
	rootObject = C2DD4E41248F9C3E0039BB74 /* Project object */;
}
