// !$*UTF8*$!
{
	archiveVersion = 1;
	classes = {
	};
	objectVersion = 50;
	objects = {

/* Begin PBXBuildFile section */
		781621C0248F90D4009B56DF /* AppDelegate.swift in Sources */ = {isa = PBXBuildFile; fileRef = 781621BF248F90D4009B56DF /* AppDelegate.swift */; };
		781621C2248F90D4009B56DF /* SceneDelegate.swift in Sources */ = {isa = PBXBuildFile; fileRef = 781621C1248F90D4009B56DF /* SceneDelegate.swift */; };
		781621C7248F90D4009B56DF /* Main.storyboard in Resources */ = {isa = PBXBuildFile; fileRef = 781621C5248F90D4009B56DF /* Main.storyboard */; };
		781621C9248F90D5009B56DF /* Assets.xcassets in Resources */ = {isa = PBXBuildFile; fileRef = 781621C8248F90D5009B56DF /* Assets.xcassets */; };
		781621CC248F90D5009B56DF /* LaunchScreen.storyboard in Resources */ = {isa = PBXBuildFile; fileRef = 781621CA248F90D5009B56DF /* LaunchScreen.storyboard */; };
		781621D7248F90D5009B56DF /* IssueTrackerTests.swift in Sources */ = {isa = PBXBuildFile; fileRef = 781621D6248F90D5009B56DF /* IssueTrackerTests.swift */; };
		781621E7248F97C5009B56DF /* SignInViewController.swift in Sources */ = {isa = PBXBuildFile; fileRef = 781621E6248F97C5009B56DF /* SignInViewController.swift */; };
/* End PBXBuildFile section */

/* Begin PBXContainerItemProxy section */
		781621D3248F90D5009B56DF /* PBXContainerItemProxy */ = {
			isa = PBXContainerItemProxy;
			containerPortal = 781621B4248F90D4009B56DF /* Project object */;
			proxyType = 1;
			remoteGlobalIDString = 781621BB248F90D4009B56DF;
			remoteInfo = IssueTracker;
		};
/* End PBXContainerItemProxy section */

/* Begin PBXFileReference section */
		781621BC248F90D4009B56DF /* IssueTracker.app */ = {isa = PBXFileReference; explicitFileType = wrapper.application; includeInIndex = 0; path = IssueTracker.app; sourceTree = BUILT_PRODUCTS_DIR; };
		781621BF248F90D4009B56DF /* AppDelegate.swift */ = {isa = PBXFileReference; lastKnownFileType = sourcecode.swift; path = AppDelegate.swift; sourceTree = "<group>"; };
		781621C1248F90D4009B56DF /* SceneDelegate.swift */ = {isa = PBXFileReference; lastKnownFileType = sourcecode.swift; path = SceneDelegate.swift; sourceTree = "<group>"; };
		781621C6248F90D4009B56DF /* Base */ = {isa = PBXFileReference; lastKnownFileType = file.storyboard; name = Base; path = Base.lproj/Main.storyboard; sourceTree = "<group>"; };
		781621C8248F90D5009B56DF /* Assets.xcassets */ = {isa = PBXFileReference; lastKnownFileType = folder.assetcatalog; path = Assets.xcassets; sourceTree = "<group>"; };
		781621CB248F90D5009B56DF /* Base */ = {isa = PBXFileReference; lastKnownFileType = file.storyboard; name = Base; path = Base.lproj/LaunchScreen.storyboard; sourceTree = "<group>"; };
		781621CD248F90D5009B56DF /* Info.plist */ = {isa = PBXFileReference; lastKnownFileType = text.plist.xml; path = Info.plist; sourceTree = "<group>"; };
		781621D2248F90D5009B56DF /* IssueTrackerTests.xctest */ = {isa = PBXFileReference; explicitFileType = wrapper.cfbundle; includeInIndex = 0; path = IssueTrackerTests.xctest; sourceTree = BUILT_PRODUCTS_DIR; };
		781621D6248F90D5009B56DF /* IssueTrackerTests.swift */ = {isa = PBXFileReference; lastKnownFileType = sourcecode.swift; path = IssueTrackerTests.swift; sourceTree = "<group>"; };
		781621D8248F90D5009B56DF /* Info.plist */ = {isa = PBXFileReference; lastKnownFileType = text.plist.xml; path = Info.plist; sourceTree = "<group>"; };
		781621E6248F97C5009B56DF /* SignInViewController.swift */ = {isa = PBXFileReference; lastKnownFileType = sourcecode.swift; path = SignInViewController.swift; sourceTree = "<group>"; };
/* End PBXFileReference section */

/* Begin PBXFrameworksBuildPhase section */
		781621B9248F90D4009B56DF /* Frameworks */ = {
			isa = PBXFrameworksBuildPhase;
			buildActionMask = 2147483647;
			files = (
			);
			runOnlyForDeploymentPostprocessing = 0;
		};
		781621CF248F90D5009B56DF /* Frameworks */ = {
			isa = PBXFrameworksBuildPhase;
			buildActionMask = 2147483647;
			files = (
			);
			runOnlyForDeploymentPostprocessing = 0;
		};
/* End PBXFrameworksBuildPhase section */

/* Begin PBXGroup section */
		781621B3248F90D4009B56DF = {
			isa = PBXGroup;
			children = (
				781621BE248F90D4009B56DF /* IssueTracker */,
				781621D5248F90D5009B56DF /* IssueTrackerTests */,
				781621BD248F90D4009B56DF /* Products */,
			);
			sourceTree = "<group>";
		};
		781621BD248F90D4009B56DF /* Products */ = {
			isa = PBXGroup;
			children = (
				781621BC248F90D4009B56DF /* IssueTracker.app */,
				781621D2248F90D5009B56DF /* IssueTrackerTests.xctest */,
			);
			name = Products;
			sourceTree = "<group>";
		};
		781621BE248F90D4009B56DF /* IssueTracker */ = {
			isa = PBXGroup;
			children = (
				781621E1248F96DC009B56DF /* Sources */,
				781621E3248F9700009B56DF /* Resources */,
				781621E4248F970F009B56DF /* SupportingFiles */,
			);
			path = IssueTracker;
			sourceTree = "<group>";
		};
		781621D5248F90D5009B56DF /* IssueTrackerTests */ = {
			isa = PBXGroup;
			children = (
				781621D6248F90D5009B56DF /* IssueTrackerTests.swift */,
				781621D8248F90D5009B56DF /* Info.plist */,
			);
			path = IssueTrackerTests;
			sourceTree = "<group>";
		};
		781621E1248F96DC009B56DF /* Sources */ = {
			isa = PBXGroup;
			children = (
				781621E2248F96EC009B56DF /* Entry */,
				781621E5248F9784009B56DF /* ViewControllers */,
			);
			path = Sources;
			sourceTree = "<group>";
		};
		781621E2248F96EC009B56DF /* Entry */ = {
			isa = PBXGroup;
			children = (
				781621BF248F90D4009B56DF /* AppDelegate.swift */,
				781621C1248F90D4009B56DF /* SceneDelegate.swift */,
			);
			path = Entry;
			sourceTree = "<group>";
		};
		781621E3248F9700009B56DF /* Resources */ = {
			isa = PBXGroup;
			children = (
				781621C8248F90D5009B56DF /* Assets.xcassets */,
				781621C5248F90D4009B56DF /* Main.storyboard */,
				781621CA248F90D5009B56DF /* LaunchScreen.storyboard */,
			);
			path = Resources;
			sourceTree = "<group>";
		};
		781621E4248F970F009B56DF /* SupportingFiles */ = {
			isa = PBXGroup;
			children = (
				781621CD248F90D5009B56DF /* Info.plist */,
			);
			path = SupportingFiles;
			sourceTree = "<group>";
		};
		781621E5248F9784009B56DF /* ViewControllers */ = {
			isa = PBXGroup;
			children = (
				781621E6248F97C5009B56DF /* SignInViewController.swift */,
			);
			path = ViewControllers;
			sourceTree = "<group>";
		};
/* End PBXGroup section */

/* Begin PBXNativeTarget section */
		781621BB248F90D4009B56DF /* IssueTracker */ = {
			isa = PBXNativeTarget;
			buildConfigurationList = 781621DB248F90D5009B56DF /* Build configuration list for PBXNativeTarget "IssueTracker" */;
			buildPhases = (
				781621B8248F90D4009B56DF /* Sources */,
				781621B9248F90D4009B56DF /* Frameworks */,
				781621BA248F90D4009B56DF /* Resources */,
			);
			buildRules = (
			);
			dependencies = (
			);
			name = IssueTracker;
			productName = IssueTracker;
			productReference = 781621BC248F90D4009B56DF /* IssueTracker.app */;
			productType = "com.apple.product-type.application";
		};
		781621D1248F90D5009B56DF /* IssueTrackerTests */ = {
			isa = PBXNativeTarget;
			buildConfigurationList = 781621DE248F90D5009B56DF /* Build configuration list for PBXNativeTarget "IssueTrackerTests" */;
			buildPhases = (
				781621CE248F90D5009B56DF /* Sources */,
				781621CF248F90D5009B56DF /* Frameworks */,
				781621D0248F90D5009B56DF /* Resources */,
			);
			buildRules = (
			);
			dependencies = (
				781621D4248F90D5009B56DF /* PBXTargetDependency */,
			);
			name = IssueTrackerTests;
			productName = IssueTrackerTests;
			productReference = 781621D2248F90D5009B56DF /* IssueTrackerTests.xctest */;
			productType = "com.apple.product-type.bundle.unit-test";
		};
/* End PBXNativeTarget section */

/* Begin PBXProject section */
		781621B4248F90D4009B56DF /* Project object */ = {
			isa = PBXProject;
			attributes = {
				LastSwiftUpdateCheck = 1150;
				LastUpgradeCheck = 1150;
				ORGANIZATIONNAME = jinie;
				TargetAttributes = {
					781621BB248F90D4009B56DF = {
						CreatedOnToolsVersion = 11.5;
					};
					781621D1248F90D5009B56DF = {
						CreatedOnToolsVersion = 11.5;
						TestTargetID = 781621BB248F90D4009B56DF;
					};
				};
			};
			buildConfigurationList = 781621B7248F90D4009B56DF /* Build configuration list for PBXProject "IssueTracker" */;
			compatibilityVersion = "Xcode 9.3";
			developmentRegion = en;
			hasScannedForEncodings = 0;
			knownRegions = (
				en,
				Base,
			);
			mainGroup = 781621B3248F90D4009B56DF;
			productRefGroup = 781621BD248F90D4009B56DF /* Products */;
			projectDirPath = "";
			projectRoot = "";
			targets = (
				781621BB248F90D4009B56DF /* IssueTracker */,
				781621D1248F90D5009B56DF /* IssueTrackerTests */,
			);
		};
/* End PBXProject section */

/* Begin PBXResourcesBuildPhase section */
		781621BA248F90D4009B56DF /* Resources */ = {
			isa = PBXResourcesBuildPhase;
			buildActionMask = 2147483647;
			files = (
				781621CC248F90D5009B56DF /* LaunchScreen.storyboard in Resources */,
				781621C9248F90D5009B56DF /* Assets.xcassets in Resources */,
				781621C7248F90D4009B56DF /* Main.storyboard in Resources */,
			);
			runOnlyForDeploymentPostprocessing = 0;
		};
		781621D0248F90D5009B56DF /* Resources */ = {
			isa = PBXResourcesBuildPhase;
			buildActionMask = 2147483647;
			files = (
			);
			runOnlyForDeploymentPostprocessing = 0;
		};
/* End PBXResourcesBuildPhase section */

/* Begin PBXSourcesBuildPhase section */
		781621B8248F90D4009B56DF /* Sources */ = {
			isa = PBXSourcesBuildPhase;
			buildActionMask = 2147483647;
			files = (
				781621C0248F90D4009B56DF /* AppDelegate.swift in Sources */,
				781621C2248F90D4009B56DF /* SceneDelegate.swift in Sources */,
				781621E7248F97C5009B56DF /* SignInViewController.swift in Sources */,
			);
			runOnlyForDeploymentPostprocessing = 0;
		};
		781621CE248F90D5009B56DF /* Sources */ = {
			isa = PBXSourcesBuildPhase;
			buildActionMask = 2147483647;
			files = (
				781621D7248F90D5009B56DF /* IssueTrackerTests.swift in Sources */,
			);
			runOnlyForDeploymentPostprocessing = 0;
		};
/* End PBXSourcesBuildPhase section */

/* Begin PBXTargetDependency section */
		781621D4248F90D5009B56DF /* PBXTargetDependency */ = {
			isa = PBXTargetDependency;
			target = 781621BB248F90D4009B56DF /* IssueTracker */;
			targetProxy = 781621D3248F90D5009B56DF /* PBXContainerItemProxy */;
		};
/* End PBXTargetDependency section */

/* Begin PBXVariantGroup section */
		781621C5248F90D4009B56DF /* Main.storyboard */ = {
			isa = PBXVariantGroup;
			children = (
				781621C6248F90D4009B56DF /* Base */,
			);
			name = Main.storyboard;
			sourceTree = "<group>";
		};
		781621CA248F90D5009B56DF /* LaunchScreen.storyboard */ = {
			isa = PBXVariantGroup;
			children = (
				781621CB248F90D5009B56DF /* Base */,
			);
			name = LaunchScreen.storyboard;
			sourceTree = "<group>";
		};
/* End PBXVariantGroup section */

/* Begin XCBuildConfiguration section */
		781621D9248F90D5009B56DF /* Debug */ = {
			isa = XCBuildConfiguration;
			buildSettings = {
				ALWAYS_SEARCH_USER_PATHS = NO;
				CLANG_ANALYZER_NONNULL = YES;
				CLANG_ANALYZER_NUMBER_OBJECT_CONVERSION = YES_AGGRESSIVE;
				CLANG_CXX_LANGUAGE_STANDARD = "gnu++14";
				CLANG_CXX_LIBRARY = "libc++";
				CLANG_ENABLE_MODULES = YES;
				CLANG_ENABLE_OBJC_ARC = YES;
				CLANG_ENABLE_OBJC_WEAK = YES;
				CLANG_WARN_BLOCK_CAPTURE_AUTORELEASING = YES;
				CLANG_WARN_BOOL_CONVERSION = YES;
				CLANG_WARN_COMMA = YES;
				CLANG_WARN_CONSTANT_CONVERSION = YES;
				CLANG_WARN_DEPRECATED_OBJC_IMPLEMENTATIONS = YES;
				CLANG_WARN_DIRECT_OBJC_ISA_USAGE = YES_ERROR;
				CLANG_WARN_DOCUMENTATION_COMMENTS = YES;
				CLANG_WARN_EMPTY_BODY = YES;
				CLANG_WARN_ENUM_CONVERSION = YES;
				CLANG_WARN_INFINITE_RECURSION = YES;
				CLANG_WARN_INT_CONVERSION = YES;
				CLANG_WARN_NON_LITERAL_NULL_CONVERSION = YES;
				CLANG_WARN_OBJC_IMPLICIT_RETAIN_SELF = YES;
				CLANG_WARN_OBJC_LITERAL_CONVERSION = YES;
				CLANG_WARN_OBJC_ROOT_CLASS = YES_ERROR;
				CLANG_WARN_RANGE_LOOP_ANALYSIS = YES;
				CLANG_WARN_STRICT_PROTOTYPES = YES;
				CLANG_WARN_SUSPICIOUS_MOVE = YES;
				CLANG_WARN_UNGUARDED_AVAILABILITY = YES_AGGRESSIVE;
				CLANG_WARN_UNREACHABLE_CODE = YES;
				CLANG_WARN__DUPLICATE_METHOD_MATCH = YES;
				COPY_PHASE_STRIP = NO;
				DEBUG_INFORMATION_FORMAT = dwarf;
				ENABLE_STRICT_OBJC_MSGSEND = YES;
				ENABLE_TESTABILITY = YES;
				GCC_C_LANGUAGE_STANDARD = gnu11;
				GCC_DYNAMIC_NO_PIC = NO;
				GCC_NO_COMMON_BLOCKS = YES;
				GCC_OPTIMIZATION_LEVEL = 0;
				GCC_PREPROCESSOR_DEFINITIONS = (
					"DEBUG=1",
					"$(inherited)",
				);
				GCC_WARN_64_TO_32_BIT_CONVERSION = YES;
				GCC_WARN_ABOUT_RETURN_TYPE = YES_ERROR;
				GCC_WARN_UNDECLARED_SELECTOR = YES;
				GCC_WARN_UNINITIALIZED_AUTOS = YES_AGGRESSIVE;
				GCC_WARN_UNUSED_FUNCTION = YES;
				GCC_WARN_UNUSED_VARIABLE = YES;
				IPHONEOS_DEPLOYMENT_TARGET = 13.5;
				MTL_ENABLE_DEBUG_INFO = INCLUDE_SOURCE;
				MTL_FAST_MATH = YES;
				ONLY_ACTIVE_ARCH = YES;
				SDKROOT = iphoneos;
				SWIFT_ACTIVE_COMPILATION_CONDITIONS = DEBUG;
				SWIFT_OPTIMIZATION_LEVEL = "-Onone";
			};
			name = Debug;
		};
		781621DA248F90D5009B56DF /* Release */ = {
			isa = XCBuildConfiguration;
			buildSettings = {
				ALWAYS_SEARCH_USER_PATHS = NO;
				CLANG_ANALYZER_NONNULL = YES;
				CLANG_ANALYZER_NUMBER_OBJECT_CONVERSION = YES_AGGRESSIVE;
				CLANG_CXX_LANGUAGE_STANDARD = "gnu++14";
				CLANG_CXX_LIBRARY = "libc++";
				CLANG_ENABLE_MODULES = YES;
				CLANG_ENABLE_OBJC_ARC = YES;
				CLANG_ENABLE_OBJC_WEAK = YES;
				CLANG_WARN_BLOCK_CAPTURE_AUTORELEASING = YES;
				CLANG_WARN_BOOL_CONVERSION = YES;
				CLANG_WARN_COMMA = YES;
				CLANG_WARN_CONSTANT_CONVERSION = YES;
				CLANG_WARN_DEPRECATED_OBJC_IMPLEMENTATIONS = YES;
				CLANG_WARN_DIRECT_OBJC_ISA_USAGE = YES_ERROR;
				CLANG_WARN_DOCUMENTATION_COMMENTS = YES;
				CLANG_WARN_EMPTY_BODY = YES;
				CLANG_WARN_ENUM_CONVERSION = YES;
				CLANG_WARN_INFINITE_RECURSION = YES;
				CLANG_WARN_INT_CONVERSION = YES;
				CLANG_WARN_NON_LITERAL_NULL_CONVERSION = YES;
				CLANG_WARN_OBJC_IMPLICIT_RETAIN_SELF = YES;
				CLANG_WARN_OBJC_LITERAL_CONVERSION = YES;
				CLANG_WARN_OBJC_ROOT_CLASS = YES_ERROR;
				CLANG_WARN_RANGE_LOOP_ANALYSIS = YES;
				CLANG_WARN_STRICT_PROTOTYPES = YES;
				CLANG_WARN_SUSPICIOUS_MOVE = YES;
				CLANG_WARN_UNGUARDED_AVAILABILITY = YES_AGGRESSIVE;
				CLANG_WARN_UNREACHABLE_CODE = YES;
				CLANG_WARN__DUPLICATE_METHOD_MATCH = YES;
				COPY_PHASE_STRIP = NO;
				DEBUG_INFORMATION_FORMAT = "dwarf-with-dsym";
				ENABLE_NS_ASSERTIONS = NO;
				ENABLE_STRICT_OBJC_MSGSEND = YES;
				GCC_C_LANGUAGE_STANDARD = gnu11;
				GCC_NO_COMMON_BLOCKS = YES;
				GCC_WARN_64_TO_32_BIT_CONVERSION = YES;
				GCC_WARN_ABOUT_RETURN_TYPE = YES_ERROR;
				GCC_WARN_UNDECLARED_SELECTOR = YES;
				GCC_WARN_UNINITIALIZED_AUTOS = YES_AGGRESSIVE;
				GCC_WARN_UNUSED_FUNCTION = YES;
				GCC_WARN_UNUSED_VARIABLE = YES;
				IPHONEOS_DEPLOYMENT_TARGET = 13.5;
				MTL_ENABLE_DEBUG_INFO = NO;
				MTL_FAST_MATH = YES;
				SDKROOT = iphoneos;
				SWIFT_COMPILATION_MODE = wholemodule;
				SWIFT_OPTIMIZATION_LEVEL = "-O";
				VALIDATE_PRODUCT = YES;
			};
			name = Release;
		};
		781621DC248F90D5009B56DF /* Debug */ = {
			isa = XCBuildConfiguration;
			buildSettings = {
				ASSETCATALOG_COMPILER_APPICON_NAME = AppIcon;
				CODE_SIGN_STYLE = Automatic;
				DEVELOPMENT_TEAM = B3PWYBKFUK;
				INFOPLIST_FILE = IssueTracker/SupportingFiles/Info.plist;
				IPHONEOS_DEPLOYMENT_TARGET = 13.0;
				LD_RUNPATH_SEARCH_PATHS = (
					"$(inherited)",
					"@executable_path/Frameworks",
				);
				PRODUCT_BUNDLE_IDENTIFIER = jinie.IssueTracker;
				PRODUCT_NAME = "$(TARGET_NAME)";
				SWIFT_VERSION = 5.0;
				TARGETED_DEVICE_FAMILY = 1;
			};
			name = Debug;
		};
		781621DD248F90D5009B56DF /* Release */ = {
			isa = XCBuildConfiguration;
			buildSettings = {
				ASSETCATALOG_COMPILER_APPICON_NAME = AppIcon;
				CODE_SIGN_STYLE = Automatic;
				DEVELOPMENT_TEAM = B3PWYBKFUK;
				INFOPLIST_FILE = IssueTracker/SupportingFiles/Info.plist;
				IPHONEOS_DEPLOYMENT_TARGET = 13.0;
				LD_RUNPATH_SEARCH_PATHS = (
					"$(inherited)",
					"@executable_path/Frameworks",
				);
				PRODUCT_BUNDLE_IDENTIFIER = jinie.IssueTracker;
				PRODUCT_NAME = "$(TARGET_NAME)";
				SWIFT_VERSION = 5.0;
				TARGETED_DEVICE_FAMILY = 1;
			};
			name = Release;
		};
		781621DF248F90D5009B56DF /* Debug */ = {
			isa = XCBuildConfiguration;
			buildSettings = {
				ALWAYS_EMBED_SWIFT_STANDARD_LIBRARIES = YES;
				BUNDLE_LOADER = "$(TEST_HOST)";
				CODE_SIGN_STYLE = Automatic;
				INFOPLIST_FILE = IssueTrackerTests/Info.plist;
				IPHONEOS_DEPLOYMENT_TARGET = 13.5;
				LD_RUNPATH_SEARCH_PATHS = (
					"$(inherited)",
					"@executable_path/Frameworks",
					"@loader_path/Frameworks",
				);
				PRODUCT_BUNDLE_IDENTIFIER = jinie.IssueTrackerTests;
				PRODUCT_NAME = "$(TARGET_NAME)";
				SWIFT_VERSION = 5.0;
				TARGETED_DEVICE_FAMILY = "1,2";
				TEST_HOST = "$(BUILT_PRODUCTS_DIR)/IssueTracker.app/IssueTracker";
			};
			name = Debug;
		};
		781621E0248F90D5009B56DF /* Release */ = {
			isa = XCBuildConfiguration;
			buildSettings = {
				ALWAYS_EMBED_SWIFT_STANDARD_LIBRARIES = YES;
				BUNDLE_LOADER = "$(TEST_HOST)";
				CODE_SIGN_STYLE = Automatic;
				INFOPLIST_FILE = IssueTrackerTests/Info.plist;
				IPHONEOS_DEPLOYMENT_TARGET = 13.5;
				LD_RUNPATH_SEARCH_PATHS = (
					"$(inherited)",
					"@executable_path/Frameworks",
					"@loader_path/Frameworks",
				);
				PRODUCT_BUNDLE_IDENTIFIER = jinie.IssueTrackerTests;
				PRODUCT_NAME = "$(TARGET_NAME)";
				SWIFT_VERSION = 5.0;
				TARGETED_DEVICE_FAMILY = "1,2";
				TEST_HOST = "$(BUILT_PRODUCTS_DIR)/IssueTracker.app/IssueTracker";
			};
			name = Release;
		};
/* End XCBuildConfiguration section */

/* Begin XCConfigurationList section */
		781621B7248F90D4009B56DF /* Build configuration list for PBXProject "IssueTracker" */ = {
			isa = XCConfigurationList;
			buildConfigurations = (
				781621D9248F90D5009B56DF /* Debug */,
				781621DA248F90D5009B56DF /* Release */,
			);
			defaultConfigurationIsVisible = 0;
			defaultConfigurationName = Release;
		};
		781621DB248F90D5009B56DF /* Build configuration list for PBXNativeTarget "IssueTracker" */ = {
			isa = XCConfigurationList;
			buildConfigurations = (
				781621DC248F90D5009B56DF /* Debug */,
				781621DD248F90D5009B56DF /* Release */,
			);
			defaultConfigurationIsVisible = 0;
			defaultConfigurationName = Release;
		};
		781621DE248F90D5009B56DF /* Build configuration list for PBXNativeTarget "IssueTrackerTests" */ = {
			isa = XCConfigurationList;
			buildConfigurations = (
				781621DF248F90D5009B56DF /* Debug */,
				781621E0248F90D5009B56DF /* Release */,
			);
			defaultConfigurationIsVisible = 0;
			defaultConfigurationName = Release;
		};
/* End XCConfigurationList section */
	};
	rootObject = 781621B4248F90D4009B56DF /* Project object */;
}
